// !$*UTF8*$!
{
	archiveVersion = 1;
	classes = {
	};
	objectVersion = 50;
	objects = {

/* Begin PBXBuildFile section */
		4379F4AA22390CA900C15882 /* AppDelegate.swift in Sources */ = {isa = PBXBuildFile; fileRef = 4379F4A922390CA900C15882 /* AppDelegate.swift */; };
		4379F4AC22390CA900C15882 /* ViewController.swift in Sources */ = {isa = PBXBuildFile; fileRef = 4379F4AB22390CA900C15882 /* ViewController.swift */; };
		4379F4AF22390CA900C15882 /* Main.storyboard in Resources */ = {isa = PBXBuildFile; fileRef = 4379F4AD22390CA900C15882 /* Main.storyboard */; };
		4379F4B222390CA900C15882 /* scrollview.xcdatamodeld in Sources */ = {isa = PBXBuildFile; fileRef = 4379F4B022390CA900C15882 /* scrollview.xcdatamodeld */; };
		4379F4B422390CAA00C15882 /* Assets.xcassets in Resources */ = {isa = PBXBuildFile; fileRef = 4379F4B322390CAA00C15882 /* Assets.xcassets */; };
		4379F4B722390CAA00C15882 /* LaunchScreen.storyboard in Resources */ = {isa = PBXBuildFile; fileRef = 4379F4B522390CAA00C15882 /* LaunchScreen.storyboard */; };
		4379F4C222390CAA00C15882 /* scrollviewTests.swift in Sources */ = {isa = PBXBuildFile; fileRef = 4379F4C122390CAA00C15882 /* scrollviewTests.swift */; };
		4379F4CD22390CAA00C15882 /* scrollviewUITests.swift in Sources */ = {isa = PBXBuildFile; fileRef = 4379F4CC22390CAA00C15882 /* scrollviewUITests.swift */; };
/* End PBXBuildFile section */

/* Begin PBXContainerItemProxy section */
		4379F4BE22390CAA00C15882 /* PBXContainerItemProxy */ = {
			isa = PBXContainerItemProxy;
			containerPortal = 4379F49E22390CA900C15882 /* Project object */;
			proxyType = 1;
			remoteGlobalIDString = 4379F4A522390CA900C15882;
			remoteInfo = scrollview;
		};
		4379F4C922390CAA00C15882 /* PBXContainerItemProxy */ = {
			isa = PBXContainerItemProxy;
			containerPortal = 4379F49E22390CA900C15882 /* Project object */;
			proxyType = 1;
			remoteGlobalIDString = 4379F4A522390CA900C15882;
			remoteInfo = scrollview;
		};
/* End PBXContainerItemProxy section */

/* Begin PBXFileReference section */
		4379F4A622390CA900C15882 /* scrollview.app */ = {isa = PBXFileReference; explicitFileType = wrapper.application; includeInIndex = 0; path = scrollview.app; sourceTree = BUILT_PRODUCTS_DIR; };
		4379F4A922390CA900C15882 /* AppDelegate.swift */ = {isa = PBXFileReference; lastKnownFileType = sourcecode.swift; path = AppDelegate.swift; sourceTree = "<group>"; };
		4379F4AB22390CA900C15882 /* ViewController.swift */ = {isa = PBXFileReference; lastKnownFileType = sourcecode.swift; path = ViewController.swift; sourceTree = "<group>"; };
		4379F4AE22390CA900C15882 /* Base */ = {isa = PBXFileReference; lastKnownFileType = file.storyboard; name = Base; path = Base.lproj/Main.storyboard; sourceTree = "<group>"; };
		4379F4B122390CA900C15882 /* scrollview.xcdatamodel */ = {isa = PBXFileReference; lastKnownFileType = wrapper.xcdatamodel; path = scrollview.xcdatamodel; sourceTree = "<group>"; };
		4379F4B322390CAA00C15882 /* Assets.xcassets */ = {isa = PBXFileReference; lastKnownFileType = folder.assetcatalog; path = Assets.xcassets; sourceTree = "<group>"; };
		4379F4B622390CAA00C15882 /* Base */ = {isa = PBXFileReference; lastKnownFileType = file.storyboard; name = Base; path = Base.lproj/LaunchScreen.storyboard; sourceTree = "<group>"; };
		4379F4B822390CAA00C15882 /* Info.plist */ = {isa = PBXFileReference; lastKnownFileType = text.plist.xml; path = Info.plist; sourceTree = "<group>"; };
		4379F4BD22390CAA00C15882 /* scrollviewTests.xctest */ = {isa = PBXFileReference; explicitFileType = wrapper.cfbundle; includeInIndex = 0; path = scrollviewTests.xctest; sourceTree = BUILT_PRODUCTS_DIR; };
		4379F4C122390CAA00C15882 /* scrollviewTests.swift */ = {isa = PBXFileReference; lastKnownFileType = sourcecode.swift; path = scrollviewTests.swift; sourceTree = "<group>"; };
		4379F4C322390CAA00C15882 /* Info.plist */ = {isa = PBXFileReference; lastKnownFileType = text.plist.xml; path = Info.plist; sourceTree = "<group>"; };
		4379F4C822390CAA00C15882 /* scrollviewUITests.xctest */ = {isa = PBXFileReference; explicitFileType = wrapper.cfbundle; includeInIndex = 0; path = scrollviewUITests.xctest; sourceTree = BUILT_PRODUCTS_DIR; };
		4379F4CC22390CAA00C15882 /* scrollviewUITests.swift */ = {isa = PBXFileReference; lastKnownFileType = sourcecode.swift; path = scrollviewUITests.swift; sourceTree = "<group>"; };
		4379F4CE22390CAA00C15882 /* Info.plist */ = {isa = PBXFileReference; lastKnownFileType = text.plist.xml; path = Info.plist; sourceTree = "<group>"; };
/* End PBXFileReference section */

/* Begin PBXFrameworksBuildPhase section */
		4379F4A322390CA900C15882 /* Frameworks */ = {
			isa = PBXFrameworksBuildPhase;
			buildActionMask = 2147483647;
			files = (
			);
			runOnlyForDeploymentPostprocessing = 0;
		};
		4379F4BA22390CAA00C15882 /* Frameworks */ = {
			isa = PBXFrameworksBuildPhase;
			buildActionMask = 2147483647;
			files = (
			);
			runOnlyForDeploymentPostprocessing = 0;
		};
		4379F4C522390CAA00C15882 /* Frameworks */ = {
			isa = PBXFrameworksBuildPhase;
			buildActionMask = 2147483647;
			files = (
			);
			runOnlyForDeploymentPostprocessing = 0;
		};
/* End PBXFrameworksBuildPhase section */

/* Begin PBXGroup section */
		4379F49D22390CA900C15882 = {
			isa = PBXGroup;
			children = (
				4379F4A822390CA900C15882 /* scrollview */,
				4379F4C022390CAA00C15882 /* scrollviewTests */,
				4379F4CB22390CAA00C15882 /* scrollviewUITests */,
				4379F4A722390CA900C15882 /* Products */,
			);
			sourceTree = "<group>";
		};
		4379F4A722390CA900C15882 /* Products */ = {
			isa = PBXGroup;
			children = (
				4379F4A622390CA900C15882 /* scrollview.app */,
				4379F4BD22390CAA00C15882 /* scrollviewTests.xctest */,
				4379F4C822390CAA00C15882 /* scrollviewUITests.xctest */,
			);
			name = Products;
			sourceTree = "<group>";
		};
		4379F4A822390CA900C15882 /* scrollview */ = {
			isa = PBXGroup;
			children = (
				4379F4A922390CA900C15882 /* AppDelegate.swift */,
				4379F4AB22390CA900C15882 /* ViewController.swift */,
				4379F4AD22390CA900C15882 /* Main.storyboard */,
				4379F4B322390CAA00C15882 /* Assets.xcassets */,
				4379F4B522390CAA00C15882 /* LaunchScreen.storyboard */,
				4379F4B822390CAA00C15882 /* Info.plist */,
				4379F4B022390CA900C15882 /* scrollview.xcdatamodeld */,
			);
			path = scrollview;
			sourceTree = "<group>";
		};
		4379F4C022390CAA00C15882 /* scrollviewTests */ = {
			isa = PBXGroup;
			children = (
				4379F4C122390CAA00C15882 /* scrollviewTests.swift */,
				4379F4C322390CAA00C15882 /* Info.plist */,
			);
			path = scrollviewTests;
			sourceTree = "<group>";
		};
		4379F4CB22390CAA00C15882 /* scrollviewUITests */ = {
			isa = PBXGroup;
			children = (
				4379F4CC22390CAA00C15882 /* scrollviewUITests.swift */,
				4379F4CE22390CAA00C15882 /* Info.plist */,
			);
			path = scrollviewUITests;
			sourceTree = "<group>";
		};
/* End PBXGroup section */

/* Begin PBXNativeTarget section */
		4379F4A522390CA900C15882 /* scrollview */ = {
			isa = PBXNativeTarget;
			buildConfigurationList = 4379F4D122390CAA00C15882 /* Build configuration list for PBXNativeTarget "scrollview" */;
			buildPhases = (
				4379F4A222390CA900C15882 /* Sources */,
				4379F4A322390CA900C15882 /* Frameworks */,
				4379F4A422390CA900C15882 /* Resources */,
			);
			buildRules = (
			);
			dependencies = (
			);
			name = scrollview;
			productName = scrollview;
			productReference = 4379F4A622390CA900C15882 /* scrollview.app */;
			productType = "com.apple.product-type.application";
		};
		4379F4BC22390CAA00C15882 /* scrollviewTests */ = {
			isa = PBXNativeTarget;
			buildConfigurationList = 4379F4D422390CAA00C15882 /* Build configuration list for PBXNativeTarget "scrollviewTests" */;
			buildPhases = (
				4379F4B922390CAA00C15882 /* Sources */,
				4379F4BA22390CAA00C15882 /* Frameworks */,
				4379F4BB22390CAA00C15882 /* Resources */,
			);
			buildRules = (
			);
			dependencies = (
				4379F4BF22390CAA00C15882 /* PBXTargetDependency */,
			);
			name = scrollviewTests;
			productName = scrollviewTests;
			productReference = 4379F4BD22390CAA00C15882 /* scrollviewTests.xctest */;
			productType = "com.apple.product-type.bundle.unit-test";
		};
		4379F4C722390CAA00C15882 /* scrollviewUITests */ = {
			isa = PBXNativeTarget;
			buildConfigurationList = 4379F4D722390CAA00C15882 /* Build configuration list for PBXNativeTarget "scrollviewUITests" */;
			buildPhases = (
				4379F4C422390CAA00C15882 /* Sources */,
				4379F4C522390CAA00C15882 /* Frameworks */,
				4379F4C622390CAA00C15882 /* Resources */,
			);
			buildRules = (
			);
			dependencies = (
				4379F4CA22390CAA00C15882 /* PBXTargetDependency */,
			);
			name = scrollviewUITests;
			productName = scrollviewUITests;
			productReference = 4379F4C822390CAA00C15882 /* scrollviewUITests.xctest */;
			productType = "com.apple.product-type.bundle.ui-testing";
		};
/* End PBXNativeTarget section */

/* Begin PBXProject section */
		4379F49E22390CA900C15882 /* Project object */ = {
			isa = PBXProject;
			attributes = {
				LastSwiftUpdateCheck = 1010;
				LastUpgradeCheck = 1010;
				ORGANIZATIONNAME = com.pika;
				TargetAttributes = {
					4379F4A522390CA900C15882 = {
						CreatedOnToolsVersion = 10.1;
					};
					4379F4BC22390CAA00C15882 = {
						CreatedOnToolsVersion = 10.1;
						TestTargetID = 4379F4A522390CA900C15882;
					};
					4379F4C722390CAA00C15882 = {
						CreatedOnToolsVersion = 10.1;
						TestTargetID = 4379F4A522390CA900C15882;
					};
				};
			};
			buildConfigurationList = 4379F4A122390CA900C15882 /* Build configuration list for PBXProject "scrollview" */;
			compatibilityVersion = "Xcode 9.3";
			developmentRegion = en;
			hasScannedForEncodings = 0;
			knownRegions = (
				en,
				Base,
			);
			mainGroup = 4379F49D22390CA900C15882;
			productRefGroup = 4379F4A722390CA900C15882 /* Products */;
			projectDirPath = "";
			projectRoot = "";
			targets = (
				4379F4A522390CA900C15882 /* scrollview */,
				4379F4BC22390CAA00C15882 /* scrollviewTests */,
				4379F4C722390CAA00C15882 /* scrollviewUITests */,
			);
		};
/* End PBXProject section */

/* Begin PBXResourcesBuildPhase section */
		4379F4A422390CA900C15882 /* Resources */ = {
			isa = PBXResourcesBuildPhase;
			buildActionMask = 2147483647;
			files = (
				4379F4B722390CAA00C15882 /* LaunchScreen.storyboard in Resources */,
				4379F4B422390CAA00C15882 /* Assets.xcassets in Resources */,
				4379F4AF22390CA900C15882 /* Main.storyboard in Resources */,
			);
			runOnlyForDeploymentPostprocessing = 0;
		};
		4379F4BB22390CAA00C15882 /* Resources */ = {
			isa = PBXResourcesBuildPhase;
			buildActionMask = 2147483647;
			files = (
			);
			runOnlyForDeploymentPostprocessing = 0;
		};
		4379F4C622390CAA00C15882 /* Resources */ = {
			isa = PBXResourcesBuildPhase;
			buildActionMask = 2147483647;
			files = (
			);
			runOnlyForDeploymentPostprocessing = 0;
		};
/* End PBXResourcesBuildPhase section */

/* Begin PBXSourcesBuildPhase section */
		4379F4A222390CA900C15882 /* Sources */ = {
			isa = PBXSourcesBuildPhase;
			buildActionMask = 2147483647;
			files = (
				4379F4B222390CA900C15882 /* scrollview.xcdatamodeld in Sources */,
				4379F4AC22390CA900C15882 /* ViewController.swift in Sources */,
				4379F4AA22390CA900C15882 /* AppDelegate.swift in Sources */,
			);
			runOnlyForDeploymentPostprocessing = 0;
		};
		4379F4B922390CAA00C15882 /* Sources */ = {
			isa = PBXSourcesBuildPhase;
			buildActionMask = 2147483647;
			files = (
				4379F4C222390CAA00C15882 /* scrollviewTests.swift in Sources */,
			);
			runOnlyForDeploymentPostprocessing = 0;
		};
		4379F4C422390CAA00C15882 /* Sources */ = {
			isa = PBXSourcesBuildPhase;
			buildActionMask = 2147483647;
			files = (
				4379F4CD22390CAA00C15882 /* scrollviewUITests.swift in Sources */,
			);
			runOnlyForDeploymentPostprocessing = 0;
		};
/* End PBXSourcesBuildPhase section */

/* Begin PBXTargetDependency section */
		4379F4BF22390CAA00C15882 /* PBXTargetDependency */ = {
			isa = PBXTargetDependency;
			target = 4379F4A522390CA900C15882 /* scrollview */;
			targetProxy = 4379F4BE22390CAA00C15882 /* PBXContainerItemProxy */;
		};
		4379F4CA22390CAA00C15882 /* PBXTargetDependency */ = {
			isa = PBXTargetDependency;
			target = 4379F4A522390CA900C15882 /* scrollview */;
			targetProxy = 4379F4C922390CAA00C15882 /* PBXContainerItemProxy */;
		};
/* End PBXTargetDependency section */

/* Begin PBXVariantGroup section */
		4379F4AD22390CA900C15882 /* Main.storyboard */ = {
			isa = PBXVariantGroup;
			children = (
				4379F4AE22390CA900C15882 /* Base */,
			);
			name = Main.storyboard;
			sourceTree = "<group>";
		};
		4379F4B522390CAA00C15882 /* LaunchScreen.storyboard */ = {
			isa = PBXVariantGroup;
			children = (
				4379F4B622390CAA00C15882 /* Base */,
			);
			name = LaunchScreen.storyboard;
			sourceTree = "<group>";
		};
/* End PBXVariantGroup section */

/* Begin XCBuildConfiguration section */
		4379F4CF22390CAA00C15882 /* Debug */ = {
			isa = XCBuildConfiguration;
			buildSettings = {
				ALWAYS_SEARCH_USER_PATHS = NO;
				CLANG_ANALYZER_NONNULL = YES;
				CLANG_ANALYZER_NUMBER_OBJECT_CONVERSION = YES_AGGRESSIVE;
				CLANG_CXX_LANGUAGE_STANDARD = "gnu++14";
				CLANG_CXX_LIBRARY = "libc++";
				CLANG_ENABLE_MODULES = YES;
				CLANG_ENABLE_OBJC_ARC = YES;
				CLANG_ENABLE_OBJC_WEAK = YES;
				CLANG_WARN_BLOCK_CAPTURE_AUTORELEASING = YES;
				CLANG_WARN_BOOL_CONVERSION = YES;
				CLANG_WARN_COMMA = YES;
				CLANG_WARN_CONSTANT_CONVERSION = YES;
				CLANG_WARN_DEPRECATED_OBJC_IMPLEMENTATIONS = YES;
				CLANG_WARN_DIRECT_OBJC_ISA_USAGE = YES_ERROR;
				CLANG_WARN_DOCUMENTATION_COMMENTS = YES;
				CLANG_WARN_EMPTY_BODY = YES;
				CLANG_WARN_ENUM_CONVERSION = YES;
				CLANG_WARN_INFINITE_RECURSION = YES;
				CLANG_WARN_INT_CONVERSION = YES;
				CLANG_WARN_NON_LITERAL_NULL_CONVERSION = YES;
				CLANG_WARN_OBJC_IMPLICIT_RETAIN_SELF = YES;
				CLANG_WARN_OBJC_LITERAL_CONVERSION = YES;
				CLANG_WARN_OBJC_ROOT_CLASS = YES_ERROR;
				CLANG_WARN_RANGE_LOOP_ANALYSIS = YES;
				CLANG_WARN_STRICT_PROTOTYPES = YES;
				CLANG_WARN_SUSPICIOUS_MOVE = YES;
				CLANG_WARN_UNGUARDED_AVAILABILITY = YES_AGGRESSIVE;
				CLANG_WARN_UNREACHABLE_CODE = YES;
				CLANG_WARN__DUPLICATE_METHOD_MATCH = YES;
				CODE_SIGN_IDENTITY = "iPhone Developer";
				COPY_PHASE_STRIP = NO;
				DEBUG_INFORMATION_FORMAT = dwarf;
				ENABLE_STRICT_OBJC_MSGSEND = YES;
				ENABLE_TESTABILITY = YES;
				GCC_C_LANGUAGE_STANDARD = gnu11;
				GCC_DYNAMIC_NO_PIC = NO;
				GCC_NO_COMMON_BLOCKS = YES;
				GCC_OPTIMIZATION_LEVEL = 0;
				GCC_PREPROCESSOR_DEFINITIONS = (
					"DEBUG=1",
					"$(inherited)",
				);
				GCC_WARN_64_TO_32_BIT_CONVERSION = YES;
				GCC_WARN_ABOUT_RETURN_TYPE = YES_ERROR;
				GCC_WARN_UNDECLARED_SELECTOR = YES;
				GCC_WARN_UNINITIALIZED_AUTOS = YES_AGGRESSIVE;
				GCC_WARN_UNUSED_FUNCTION = YES;
				GCC_WARN_UNUSED_VARIABLE = YES;
				IPHONEOS_DEPLOYMENT_TARGET = 12.1;
				MTL_ENABLE_DEBUG_INFO = INCLUDE_SOURCE;
				MTL_FAST_MATH = YES;
				ONLY_ACTIVE_ARCH = YES;
				SDKROOT = iphoneos;
				SWIFT_ACTIVE_COMPILATION_CONDITIONS = DEBUG;
				SWIFT_OPTIMIZATION_LEVEL = "-Onone";
			};
			name = Debug;
		};
		4379F4D022390CAA00C15882 /* Release */ = {
			isa = XCBuildConfiguration;
			buildSettings = {
				ALWAYS_SEARCH_USER_PATHS = NO;
				CLANG_ANALYZER_NONNULL = YES;
				CLANG_ANALYZER_NUMBER_OBJECT_CONVERSION = YES_AGGRESSIVE;
				CLANG_CXX_LANGUAGE_STANDARD = "gnu++14";
				CLANG_CXX_LIBRARY = "libc++";
				CLANG_ENABLE_MODULES = YES;
				CLANG_ENABLE_OBJC_ARC = YES;
				CLANG_ENABLE_OBJC_WEAK = YES;
				CLANG_WARN_BLOCK_CAPTURE_AUTORELEASING = YES;
				CLANG_WARN_BOOL_CONVERSION = YES;
				CLANG_WARN_COMMA = YES;
				CLANG_WARN_CONSTANT_CONVERSION = YES;
				CLANG_WARN_DEPRECATED_OBJC_IMPLEMENTATIONS = YES;
				CLANG_WARN_DIRECT_OBJC_ISA_USAGE = YES_ERROR;
				CLANG_WARN_DOCUMENTATION_COMMENTS = YES;
				CLANG_WARN_EMPTY_BODY = YES;
				CLANG_WARN_ENUM_CONVERSION = YES;
				CLANG_WARN_INFINITE_RECURSION = YES;
				CLANG_WARN_INT_CONVERSION = YES;
				CLANG_WARN_NON_LITERAL_NULL_CONVERSION = YES;
				CLANG_WARN_OBJC_IMPLICIT_RETAIN_SELF = YES;
				CLANG_WARN_OBJC_LITERAL_CONVERSION = YES;
				CLANG_WARN_OBJC_ROOT_CLASS = YES_ERROR;
				CLANG_WARN_RANGE_LOOP_ANALYSIS = YES;
				CLANG_WARN_STRICT_PROTOTYPES = YES;
				CLANG_WARN_SUSPICIOUS_MOVE = YES;
				CLANG_WARN_UNGUARDED_AVAILABILITY = YES_AGGRESSIVE;
				CLANG_WARN_UNREACHABLE_CODE = YES;
				CLANG_WARN__DUPLICATE_METHOD_MATCH = YES;
				CODE_SIGN_IDENTITY = "iPhone Developer";
				COPY_PHASE_STRIP = NO;
				DEBUG_INFORMATION_FORMAT = "dwarf-with-dsym";
				ENABLE_NS_ASSERTIONS = NO;
				ENABLE_STRICT_OBJC_MSGSEND = YES;
				GCC_C_LANGUAGE_STANDARD = gnu11;
				GCC_NO_COMMON_BLOCKS = YES;
				GCC_WARN_64_TO_32_BIT_CONVERSION = YES;
				GCC_WARN_ABOUT_RETURN_TYPE = YES_ERROR;
				GCC_WARN_UNDECLARED_SELECTOR = YES;
				GCC_WARN_UNINITIALIZED_AUTOS = YES_AGGRESSIVE;
				GCC_WARN_UNUSED_FUNCTION = YES;
				GCC_WARN_UNUSED_VARIABLE = YES;
				IPHONEOS_DEPLOYMENT_TARGET = 12.1;
				MTL_ENABLE_DEBUG_INFO = NO;
				MTL_FAST_MATH = YES;
				SDKROOT = iphoneos;
				SWIFT_COMPILATION_MODE = wholemodule;
				SWIFT_OPTIMIZATION_LEVEL = "-O";
				VALIDATE_PRODUCT = YES;
			};
			name = Release;
		};
		4379F4D222390CAA00C15882 /* Debug */ = {
			isa = XCBuildConfiguration;
			buildSettings = {
				ASSETCATALOG_COMPILER_APPICON_NAME = AppIcon;
				CODE_SIGN_STYLE = Automatic;
				INFOPLIST_FILE = scrollview/Info.plist;
				LD_RUNPATH_SEARCH_PATHS = (
					"$(inherited)",
					"@executable_path/Frameworks",
				);
				PRODUCT_BUNDLE_IDENTIFIER = pika.scrollview;
				PRODUCT_NAME = "$(TARGET_NAME)";
				SWIFT_VERSION = 4.2;
				TARGETED_DEVICE_FAMILY = "1,2";
			};
			name = Debug;
		};
		4379F4D322390CAA00C15882 /* Release */ = {
			isa = XCBuildConfiguration;
			buildSettings = {
				ASSETCATALOG_COMPILER_APPICON_NAME = AppIcon;
				CODE_SIGN_STYLE = Automatic;
				INFOPLIST_FILE = scrollview/Info.plist;
				LD_RUNPATH_SEARCH_PATHS = (
					"$(inherited)",
					"@executable_path/Frameworks",
				);
				PRODUCT_BUNDLE_IDENTIFIER = pika.scrollview;
				PRODUCT_NAME = "$(TARGET_NAME)";
				SWIFT_VERSION = 4.2;
				TARGETED_DEVICE_FAMILY = "1,2";
			};
			name = Release;
		};
		4379F4D522390CAA00C15882 /* Debug */ = {
			isa = XCBuildConfiguration;
			buildSettings = {
				ALWAYS_EMBED_SWIFT_STANDARD_LIBRARIES = YES;
				BUNDLE_LOADER = "$(TEST_HOST)";
				CODE_SIGN_STYLE = Automatic;
				INFOPLIST_FILE = scrollviewTests/Info.plist;
				LD_RUNPATH_SEARCH_PATHS = (
					"$(inherited)",
					"@executable_path/Frameworks",
					"@loader_path/Frameworks",
				);
				PRODUCT_BUNDLE_IDENTIFIER = pika.scrollviewTests;
				PRODUCT_NAME = "$(TARGET_NAME)";
				SWIFT_VERSION = 4.2;
				TARGETED_DEVICE_FAMILY = "1,2";
				TEST_HOST = "$(BUILT_PRODUCTS_DIR)/scrollview.app/scrollview";
			};
			name = Debug;
		};
		4379F4D622390CAA00C15882 /* Release */ = {
			isa = XCBuildConfiguration;
			buildSettings = {
				ALWAYS_EMBED_SWIFT_STANDARD_LIBRARIES = YES;
				BUNDLE_LOADER = "$(TEST_HOST)";
				CODE_SIGN_STYLE = Automatic;
				INFOPLIST_FILE = scrollviewTests/Info.plist;
				LD_RUNPATH_SEARCH_PATHS = (
					"$(inherited)",
					"@executable_path/Frameworks",
					"@loader_path/Frameworks",
				);
				PRODUCT_BUNDLE_IDENTIFIER = pika.scrollviewTests;
				PRODUCT_NAME = "$(TARGET_NAME)";
				SWIFT_VERSION = 4.2;
				TARGETED_DEVICE_FAMILY = "1,2";
				TEST_HOST = "$(BUILT_PRODUCTS_DIR)/scrollview.app/scrollview";
			};
			name = Release;
		};
		4379F4D822390CAA00C15882 /* Debug */ = {
			isa = XCBuildConfiguration;
			buildSettings = {
				ALWAYS_EMBED_SWIFT_STANDARD_LIBRARIES = YES;
				CODE_SIGN_STYLE = Automatic;
				INFOPLIST_FILE = scrollviewUITests/Info.plist;
				LD_RUNPATH_SEARCH_PATHS = (
					"$(inherited)",
					"@executable_path/Frameworks",
					"@loader_path/Frameworks",
				);
				PRODUCT_BUNDLE_IDENTIFIER = pika.scrollviewUITests;
				PRODUCT_NAME = "$(TARGET_NAME)";
				SWIFT_VERSION = 4.2;
				TARGETED_DEVICE_FAMILY = "1,2";
				TEST_TARGET_NAME = scrollview;
			};
			name = Debug;
		};
		4379F4D922390CAA00C15882 /* Release */ = {
			isa = XCBuildConfiguration;
			buildSettings = {
				ALWAYS_EMBED_SWIFT_STANDARD_LIBRARIES = YES;
				CODE_SIGN_STYLE = Automatic;
				INFOPLIST_FILE = scrollviewUITests/Info.plist;
				LD_RUNPATH_SEARCH_PATHS = (
					"$(inherited)",
					"@executable_path/Frameworks",
					"@loader_path/Frameworks",
				);
				PRODUCT_BUNDLE_IDENTIFIER = pika.scrollviewUITests;
				PRODUCT_NAME = "$(TARGET_NAME)";
				SWIFT_VERSION = 4.2;
				TARGETED_DEVICE_FAMILY = "1,2";
				TEST_TARGET_NAME = scrollview;
			};
			name = Release;
		};
/* End XCBuildConfiguration section */

/* Begin XCConfigurationList section */
		4379F4A122390CA900C15882 /* Build configuration list for PBXProject "scrollview" */ = {
			isa = XCConfigurationList;
			buildConfigurations = (
				4379F4CF22390CAA00C15882 /* Debug */,
				4379F4D022390CAA00C15882 /* Release */,
			);
			defaultConfigurationIsVisible = 0;
			defaultConfigurationName = Release;
		};
		4379F4D122390CAA00C15882 /* Build configuration list for PBXNativeTarget "scrollview" */ = {
			isa = XCConfigurationList;
			buildConfigurations = (
				4379F4D222390CAA00C15882 /* Debug */,
				4379F4D322390CAA00C15882 /* Release */,
			);
			defaultConfigurationIsVisible = 0;
			defaultConfigurationName = Release;
		};
		4379F4D422390CAA00C15882 /* Build configuration list for PBXNativeTarget "scrollviewTests" */ = {
			isa = XCConfigurationList;
			buildConfigurations = (
				4379F4D522390CAA00C15882 /* Debug */,
				4379F4D622390CAA00C15882 /* Release */,
			);
			defaultConfigurationIsVisible = 0;
			defaultConfigurationName = Release;
		};
		4379F4D722390CAA00C15882 /* Build configuration list for PBXNativeTarget "scrollviewUITests" */ = {
			isa = XCConfigurationList;
			buildConfigurations = (
				4379F4D822390CAA00C15882 /* Debug */,
				4379F4D922390CAA00C15882 /* Release */,
			);
			defaultConfigurationIsVisible = 0;
			defaultConfigurationName = Release;
		};
/* End XCConfigurationList section */

/* Begin XCVersionGroup section */
		4379F4B022390CA900C15882 /* scrollview.xcdatamodeld */ = {
			isa = XCVersionGroup;
			children = (
				4379F4B122390CA900C15882 /* scrollview.xcdatamodel */,
			);
			currentVersion = 4379F4B122390CA900C15882 /* scrollview.xcdatamodel */;
			path = scrollview.xcdatamodeld;
			sourceTree = "<group>";
			versionGroupType = wrapper.xcdatamodel;
		};
/* End XCVersionGroup section */
	};
	rootObject = 4379F49E22390CA900C15882 /* Project object */;
}
